
Microsoft Visual Studio Solution File, Format Version 12.00
# Visual Studio 14
VisualStudioVersion = 14.0.25123.0
MinimumVisualStudioVersion = 10.0.40219.1
Project("{FAE04EC0-301F-11D3-BF4B-00C04F79EFBC}") = "BrisbaneLocateAPI", "BrisbaneLocateAPI\BrisbaneLocateAPI.csproj", "{A481073A-05A1-4D52-8C65-E0A3596EAB26}"
EndProject
Project("{FAE04EC0-301F-11D3-BF4B-00C04F79EFBC}") = "CityCycle", "CityCycle\CityCycle.csproj", "{1E480D75-F4F8-4EEB-A0E1-F7C159FE23C5}"
EndProject
Project("{FAE04EC0-301F-11D3-BF4B-00C04F79EFBC}") = "CityCycleTestApplication", "CityCycleTestApplication\CityCycleTestApplication.csproj", "{D959D29F-39CF-4B6E-B72F-939BD14C4D2C}"
EndProject
Project("{FAE04EC0-301F-11D3-BF4B-00C04F79EFBC}") = "RSSFeeds", "RSSFeeds\RSSFeeds.csproj", "{772CE2A1-7815-42CC-B166-3DEC0E6DF793}"
EndProject
Project("{FAE04EC0-301F-11D3-BF4B-00C04F79EFBC}") = "RSSFeedsTestApplication", "RSSFeedsTestApplication\RSSFeedsTestApplication.csproj", "{47E3AB4F-F12C-44AB-8B85-D455CA09F07D}"
EndProject
Project("{FAE04EC0-301F-11D3-BF4B-00C04F79EFBC}") = "BrisbaneLocate", "BrisbaneLocate\BrisbaneLocate.csproj", "{8FCFB773-46E0-4DC3-A049-611A1A86FEC0}"
EndProject
Global
	GlobalSection(SolutionConfigurationPlatforms) = preSolution
		Debug|Any CPU = Debug|Any CPU
		Release|Any CPU = Release|Any CPU
	EndGlobalSection
	GlobalSection(ProjectConfigurationPlatforms) = postSolution
		{A481073A-05A1-4D52-8C65-E0A3596EAB26}.Debug|Any CPU.ActiveCfg = Debug|Any CPU
		{A481073A-05A1-4D52-8C65-E0A3596EAB26}.Debug|Any CPU.Build.0 = Debug|Any CPU
		{A481073A-05A1-4D52-8C65-E0A3596EAB26}.Release|Any CPU.ActiveCfg = Release|Any CPU
		{A481073A-05A1-4D52-8C65-E0A3596EAB26}.Release|Any CPU.Build.0 = Release|Any CPU
		{1E480D75-F4F8-4EEB-A0E1-F7C159FE23C5}.Debug|Any CPU.ActiveCfg = Debug|Any CPU
		{1E480D75-F4F8-4EEB-A0E1-F7C159FE23C5}.Debug|Any CPU.Build.0 = Debug|Any CPU
		{1E480D75-F4F8-4EEB-A0E1-F7C159FE23C5}.Release|Any CPU.ActiveCfg = Release|Any CPU
		{1E480D75-F4F8-4EEB-A0E1-F7C159FE23C5}.Release|Any CPU.Build.0 = Release|Any CPU
		{D959D29F-39CF-4B6E-B72F-939BD14C4D2C}.Debug|Any CPU.ActiveCfg = Debug|Any CPU
		{D959D29F-39CF-4B6E-B72F-939BD14C4D2C}.Debug|Any CPU.Build.0 = Debug|Any CPU
		{D959D29F-39CF-4B6E-B72F-939BD14C4D2C}.Release|Any CPU.ActiveCfg = Release|Any CPU
		{D959D29F-39CF-4B6E-B72F-939BD14C4D2C}.Release|Any CPU.Build.0 = Release|Any CPU
		{772CE2A1-7815-42CC-B166-3DEC0E6DF793}.Debug|Any CPU.ActiveCfg = Debug|Any CPU
		{772CE2A1-7815-42CC-B166-3DEC0E6DF793}.Debug|Any CPU.Build.0 = Debug|Any CPU
		{772CE2A1-7815-42CC-B166-3DEC0E6DF793}.Release|Any CPU.ActiveCfg = Release|Any CPU
		{772CE2A1-7815-42CC-B166-3DEC0E6DF793}.Release|Any CPU.Build.0 = Release|Any CPU
		{47E3AB4F-F12C-44AB-8B85-D455CA09F07D}.Debug|Any CPU.ActiveCfg = Debug|Any CPU
		{47E3AB4F-F12C-44AB-8B85-D455CA09F07D}.Debug|Any CPU.Build.0 = Debug|Any CPU
		{47E3AB4F-F12C-44AB-8B85-D455CA09F07D}.Release|Any CPU.ActiveCfg = Release|Any CPU
		{47E3AB4F-F12C-44AB-8B85-D455CA09F07D}.Release|Any CPU.Build.0 = Release|Any CPU
		{93068722-9832-4026-8475-A0583FA1E080}.Debug|Any CPU.ActiveCfg = Debug|Any CPU
		{93068722-9832-4026-8475-A0583FA1E080}.Debug|Any CPU.Build.0 = Debug|Any CPU
		{93068722-9832-4026-8475-A0583FA1E080}.Release|Any CPU.ActiveCfg = Release|Any CPU
		{93068722-9832-4026-8475-A0583FA1E080}.Release|Any CPU.Build.0 = Release|Any CPU
		{7ACFFCE2-F287-4049-8667-4DA493F9009E}.Debug|Any CPU.ActiveCfg = Debug|Any CPU
		{7ACFFCE2-F287-4049-8667-4DA493F9009E}.Debug|Any CPU.Build.0 = Debug|Any CPU
		{7ACFFCE2-F287-4049-8667-4DA493F9009E}.Release|Any CPU.ActiveCfg = Release|Any CPU
		{7ACFFCE2-F287-4049-8667-4DA493F9009E}.Release|Any CPU.Build.0 = Release|Any CPU
		{8FCFB773-46E0-4DC3-A049-611A1A86FEC0}.Debug|Any CPU.ActiveCfg = Debug|Any CPU
		{8FCFB773-46E0-4DC3-A049-611A1A86FEC0}.Debug|Any CPU.Build.0 = Debug|Any CPU
		{8FCFB773-46E0-4DC3-A049-611A1A86FEC0}.Release|Any CPU.ActiveCfg = Release|Any CPU
		{8FCFB773-46E0-4DC3-A049-611A1A86FEC0}.Release|Any CPU.Build.0 = Release|Any CPU
	EndGlobalSection
	GlobalSection(SolutionProperties) = preSolution
		HideSolutionNode = FALSE
	EndGlobalSection
EndGlobal
